
Microsoft Visual Studio Solution File, Format Version 12.00
# Visual Studio Version 17
VisualStudioVersion = 17.8.34525.116
MinimumVisualStudioVersion = 10.0.40219.1
Project("{FAE04EC0-301F-11D3-BF4B-00C04F79EFBC}") = "Picture Puzzle'", "Picture Puzzle'\Picture Puzzle'.csproj", "{7A9AA2FF-CC92-44C2-A50D-04263B405C5E}"
EndProject
Global
	GlobalSection(SolutionConfigurationPlatforms) = preSolution
		Debug|Any CPU = Debug|Any CPU
		Release|Any CPU = Release|Any CPU
	EndGlobalSection
	GlobalSection(ProjectConfigurationPlatforms) = postSolution
		{7A9AA2FF-CC92-44C2-A50D-04263B405C5E}.Debug|Any CPU.ActiveCfg = Debug|Any CPU
		{7A9AA2FF-CC92-44C2-A50D-04263B405C5E}.Debug|Any CPU.Build.0 = Debug|Any CPU
		{7A9AA2FF-CC92-44C2-A50D-04263B405C5E}.Release|Any CPU.ActiveCfg = Release|Any CPU
		{7A9AA2FF-CC92-44C2-A50D-04263B405C5E}.Release|Any CPU.Build.0 = Release|Any CPU
	EndGlobalSection
	GlobalSection(SolutionProperties) = preSolution
		HideSolutionNode = FALSE
	EndGlobalSection
	GlobalSection(ExtensibilityGlobals) = postSolution
		SolutionGuid = {3B927EB0-6887-47AE-870C-F2ED47954FF9}
	EndGlobalSection
EndGlobal
